Microsoft Visual Studio Solution File, Format Version 12.00
# Visual Studio Version 17
VisualStudioVersion = 17.5.2.0
MinimumVisualStudioVersion = 10.0.40219.1
Project("{FAE04EC0-301F-11D3-BF4B-00C04F79EFBC}") = "FamilyHubTimer", "FamilyHubTimer.csproj", "{4D632A83-292D-1EC0-9EC2-9C45E6751AC7}"
EndProject
Global
	GlobalSection(SolutionConfigurationPlatforms) = preSolution
		Debug|Any CPU = Debug|Any CPU
		Release|Any CPU = Release|Any CPU
	EndGlobalSection
	GlobalSection(ProjectConfigurationPlatforms) = postSolution
		{4D632A83-292D-1EC0-9EC2-9C45E6751AC7}.Debug|Any CPU.ActiveCfg = Debug|Any CPU
		{4D632A83-292D-1EC0-9EC2-9C45E6751AC7}.Debug|Any CPU.Build.0 = Debug|Any CPU
		{4D632A83-292D-1EC0-9EC2-9C45E6751AC7}.Release|Any CPU.ActiveCfg = Release|Any CPU
		{4D632A83-292D-1EC0-9EC2-9C45E6751AC7}.Release|Any CPU.Build.0 = Release|Any CPU
	EndGlobalSection
	GlobalSection(SolutionProperties) = preSolution
		HideSolutionNode = FALSE
	EndGlobalSection
	GlobalSection(ExtensibilityGlobals) = postSolution
		SolutionGuid = {D71F5462-C016-40D5-9826-95A5D3B8BCA0}
	EndGlobalSection
EndGlobal
